[metadata]
lock_version = 3
declaration_hash_version = 1
declaration_hash = "sha256:5137033273a6dc1ac98312476bcdcd1d9c9e7583b63e9f5afc8ff2a90b46acb1"
generated_by = "ocx 0.5.8"
generated_at = "2026-08-25T11:50:24Z"

[[tool]]
name = "cli"
group = "default"
repository = "ocx.sh/ocx/cli"

[tool.platforms]
"darwin/amd64" = "sha256:f7831c8d51acbf50a29d54c5740ce723dc098e6249ea0ab8eabd8bf4ba75a56b"
"darwin/arm64" = "sha256:0f42760e8ea0778bc4eba9b38e3b51be5fee82ed06c7c4b7306dc148930d00f4"
"linux/amd64" = "sha256:41562b5c0f7056f91388ad3a7c2cb97278310f1b658e7a6dd7581a3c17e5b400"
"linux/arm64" = "sha256:826f04c5baef2ad3a35c0ddcddc4d766e9f0e154b3911753367e2a544849d205"
"windows/amd64" = "sha256:017a49bcc99228c0d4ace6a3690795f4743c593c2547f59dd1ff91f8d75ab308"
"windows/arm64" = "sha256:fe4efa10ff080b64e12c22ec0f2c3d0a3088a2b1c1e23ba4a6d56a16e76132c0"

[[tool]]
name = "mirror"
group = "default"
repository = "ocx.sh/ocx/mirror"

[tool.platforms]
"darwin/amd64" = "sha256:a3dcdc4ef3ca4ba6bd2564c9d506393a36e40184e0407fe8b48e34250df65192"
"darwin/arm64" = "sha256:19acc5821235e6e4f88b77a80da2ae17ed6226e3fd167f2fad72bc5db823f31e"
"linux/amd64" = "sha256:dfc3211a7508ff09df8cc3015a8de075fdbe170d12461d95f6664bc3660b8b5c"
"linux/arm64" = "sha256:bf68c975959de7830ac599be9b6dd30ff1f0c9ab4c6673b896ea6c4a6a3ee570"
"windows/amd64" = "sha256:2b9e75c79ef5876dc6415b2c11df422e55b28d7c702620b81349b55c3d55892d"
"windows/arm64" = "sha256:e7f8e2f6c8caebb407722b2c686f1b477ae3e76d6769511ffc51334d76a21c21"

[[tool]]
name = "uv"
group = "default"
repository = "ocx.sh/astral-sh/uv"

[tool.platforms]
"darwin/amd64" = "sha256:c66b0df03c8f1a33e811ddab8443007f808f38260988793feb32e8b35428c898"
"darwin/arm64" = "sha256:9148b9d49956c3d0abff8bcef19521cfda506cca7a34463acc274a7110a36c63"
"linux/amd64" = "sha256:b6ad3246b8d4709c5deac30b4d2a1674fc62f8686e52f7fde5cd63a79c7010b5"
"linux/amd64+libc.glibc" = "sha256:d60af7fdd663861ef778ae4d1ba933e6c999977163a655f8517adf2b5931480b"
"linux/arm64" = "sha256:b52ceb7ae1396d4ffe6314ff77d9489821fb9a89ba6dcbb3652867005594fd90"
"linux/arm64+libc.glibc" = "sha256:6032218a742e03a5d2b91690e716bf44d2fa369259cc0564ae27bb166a1347d9"
"windows/amd64" = "sha256:75ee3facb7f4a5ed382d6cc0736ec622190b3f8891abf1432a7d7fd6d4361eaf"
"windows/arm64" = "sha256:b143f13fb9bdb58eaeaaa71ca2c6d3ed4b6190b6aebd0100a914606c2378cb16"
